// !$*UTF8*$!
{
	archiveVersion = 1;
	classes = {
	};
	objectVersion = 46;
	objects = {

/* Begin PBXBuildFile section */
		339841CE3A1FFE839DAB9DE8 /* Pods_iCar.framework in Frameworks */ = {isa = PBXBuildFile; fileRef = E62BF998C1AD271A46BB6F16 /* Pods_iCar.framework */; };
		6A563EED1EA53C6400F35077 /* Settings.swift in Sources */ = {isa = PBXBuildFile; fileRef = 6A563EE21EA53C6400F35077 /* Settings.swift */; };
		6A563EEF1EA53C6400F35077 /* SpeedSettingsCell.swift in Sources */ = {isa = PBXBuildFile; fileRef = 6A563EE71EA53C6400F35077 /* SpeedSettingsCell.swift */; };
		6A563EF01EA53C6400F35077 /* SpeedSettingsCell.xib in Resources */ = {isa = PBXBuildFile; fileRef = 6A563EE81EA53C6400F35077 /* SpeedSettingsCell.xib */; };
		6A563EF11EA53C6400F35077 /* ControlsViewController.swift in Sources */ = {isa = PBXBuildFile; fileRef = 6A563EEA1EA53C6400F35077 /* ControlsViewController.swift */; };
		6A563EF21EA53C6400F35077 /* NavigationController.swift in Sources */ = {isa = PBXBuildFile; fileRef = 6A563EEB1EA53C6400F35077 /* NavigationController.swift */; };
		6A563EF31EA53C6400F35077 /* SpeedSettingsViewController.swift in Sources */ = {isa = PBXBuildFile; fileRef = 6A563EEC1EA53C6400F35077 /* SpeedSettingsViewController.swift */; };
		6A563EF91EA53C8300F35077 /* LaunchScreen.storyboard in Resources */ = {isa = PBXBuildFile; fileRef = 6A563EF51EA53C8300F35077 /* LaunchScreen.storyboard */; };
		6A563EFA1EA53C8300F35077 /* Main.storyboard in Resources */ = {isa = PBXBuildFile; fileRef = 6A563EF71EA53C8300F35077 /* Main.storyboard */; };
		6A563EFC1EA53D0B00F35077 /* BaseViewController.swift in Sources */ = {isa = PBXBuildFile; fileRef = 6A563EFB1EA53D0B00F35077 /* BaseViewController.swift */; };
		6A563EFF1EA5433D00F35077 /* WebSocketManager.swift in Sources */ = {isa = PBXBuildFile; fileRef = 6A563EFE1EA5433D00F35077 /* WebSocketManager.swift */; };
		6A563F011EA5435600F35077 /* ControlsUseCase.swift in Sources */ = {isa = PBXBuildFile; fileRef = 6A563F001EA5435600F35077 /* ControlsUseCase.swift */; };
		6A563F031EA5449B00F35077 /* SettingsUseCase.swift in Sources */ = {isa = PBXBuildFile; fileRef = 6A563F021EA5449B00F35077 /* SettingsUseCase.swift */; };
		6A563F051EA545CC00F35077 /* WebSocketUseCase.swift in Sources */ = {isa = PBXBuildFile; fileRef = 6A563F041EA545CC00F35077 /* WebSocketUseCase.swift */; };
		6A563F071EA547ED00F35077 /* ConnectionUseCase.swift in Sources */ = {isa = PBXBuildFile; fileRef = 6A563F061EA547ED00F35077 /* ConnectionUseCase.swift */; };
		6A563F091EA54B6200F35077 /* ConnectViewController.swift in Sources */ = {isa = PBXBuildFile; fileRef = 6A563F081EA54B6200F35077 /* ConnectViewController.swift */; };
		6A66A5001E92D80C0030C00A /* AppDelegate.swift in Sources */ = {isa = PBXBuildFile; fileRef = 6A66A4FF1E92D80C0030C00A /* AppDelegate.swift */; };
		6A66A5071E92D80C0030C00A /* Assets.xcassets in Resources */ = {isa = PBXBuildFile; fileRef = 6A66A5061E92D80C0030C00A /* Assets.xcassets */; };
		6A66A5151E92D80C0030C00A /* iCarTests.swift in Sources */ = {isa = PBXBuildFile; fileRef = 6A66A5141E92D80C0030C00A /* iCarTests.swift */; };
		831297380D223352760E2E6B /* Pods_iCarTests.framework in Frameworks */ = {isa = PBXBuildFile; fileRef = 11693CAFD313E7998006BDF8 /* Pods_iCarTests.framework */; };
/* End PBXBuildFile section */

/* Begin PBXContainerItemProxy section */
		6A66A5111E92D80C0030C00A /* PBXContainerItemProxy */ = {
			isa = PBXContainerItemProxy;
			containerPortal = 6A66A4F41E92D80C0030C00A /* Project object */;
			proxyType = 1;
			remoteGlobalIDString = 6A66A4FB1E92D80C0030C00A;
			remoteInfo = iCar;
		};
/* End PBXContainerItemProxy section */

/* Begin PBXFileReference section */
		11693CAFD313E7998006BDF8 /* Pods_iCarTests.framework */ = {isa = PBXFileReference; explicitFileType = wrapper.framework; includeInIndex = 0; path = Pods_iCarTests.framework; sourceTree = BUILT_PRODUCTS_DIR; };
		59BF4F3C672B4EDD21349AC7 /* Pods-iCarTests.debug.xcconfig */ = {isa = PBXFileReference; includeInIndex = 1; lastKnownFileType = text.xcconfig; name = "Pods-iCarTests.debug.xcconfig"; path = "Pods/Target Support Files/Pods-iCarTests/Pods-iCarTests.debug.xcconfig"; sourceTree = "<group>"; };
		671AA14F47EF08AD3FE19BFB /* Pods-iCar.release.xcconfig */ = {isa = PBXFileReference; includeInIndex = 1; lastKnownFileType = text.xcconfig; name = "Pods-iCar.release.xcconfig"; path = "Pods/Target Support Files/Pods-iCar/Pods-iCar.release.xcconfig"; sourceTree = "<group>"; };
		6A563EE21EA53C6400F35077 /* Settings.swift */ = {isa = PBXFileReference; fileEncoding = 4; lastKnownFileType = sourcecode.swift; path = Settings.swift; sourceTree = "<group>"; };
		6A563EE71EA53C6400F35077 /* SpeedSettingsCell.swift */ = {isa = PBXFileReference; fileEncoding = 4; lastKnownFileType = sourcecode.swift; path = SpeedSettingsCell.swift; sourceTree = "<group>"; };
		6A563EE81EA53C6400F35077 /* SpeedSettingsCell.xib */ = {isa = PBXFileReference; fileEncoding = 4; lastKnownFileType = file.xib; path = SpeedSettingsCell.xib; sourceTree = "<group>"; };
		6A563EEA1EA53C6400F35077 /* ControlsViewController.swift */ = {isa = PBXFileReference; fileEncoding = 4; lastKnownFileType = sourcecode.swift; path = ControlsViewController.swift; sourceTree = "<group>"; };
		6A563EEB1EA53C6400F35077 /* NavigationController.swift */ = {isa = PBXFileReference; fileEncoding = 4; lastKnownFileType = sourcecode.swift; path = NavigationController.swift; sourceTree = "<group>"; };
		6A563EEC1EA53C6400F35077 /* SpeedSettingsViewController.swift */ = {isa = PBXFileReference; fileEncoding = 4; lastKnownFileType = sourcecode.swift; path = SpeedSettingsViewController.swift; sourceTree = "<group>"; };
		6A563EF61EA53C8300F35077 /* Base */ = {isa = PBXFileReference; lastKnownFileType = file.storyboard; name = Base; path = Base.lproj/LaunchScreen.storyboard; sourceTree = "<group>"; };
		6A563EF81EA53C8300F35077 /* Base */ = {isa = PBXFileReference; lastKnownFileType = file.storyboard; name = Base; path = Base.lproj/Main.storyboard; sourceTree = "<group>"; };
		6A563EFB1EA53D0B00F35077 /* BaseViewController.swift */ = {isa = PBXFileReference; fileEncoding = 4; lastKnownFileType = sourcecode.swift; path = BaseViewController.swift; sourceTree = "<group>"; };
		6A563EFE1EA5433D00F35077 /* WebSocketManager.swift */ = {isa = PBXFileReference; fileEncoding = 4; lastKnownFileType = sourcecode.swift; path = WebSocketManager.swift; sourceTree = "<group>"; };
		6A563F001EA5435600F35077 /* ControlsUseCase.swift */ = {isa = PBXFileReference; fileEncoding = 4; lastKnownFileType = sourcecode.swift; path = ControlsUseCase.swift; sourceTree = "<group>"; };
		6A563F021EA5449B00F35077 /* SettingsUseCase.swift */ = {isa = PBXFileReference; fileEncoding = 4; lastKnownFileType = sourcecode.swift; path = SettingsUseCase.swift; sourceTree = "<group>"; };
		6A563F041EA545CC00F35077 /* WebSocketUseCase.swift */ = {isa = PBXFileReference; fileEncoding = 4; lastKnownFileType = sourcecode.swift; path = WebSocketUseCase.swift; sourceTree = "<group>"; };
		6A563F061EA547ED00F35077 /* ConnectionUseCase.swift */ = {isa = PBXFileReference; fileEncoding = 4; lastKnownFileType = sourcecode.swift; path = ConnectionUseCase.swift; sourceTree = "<group>"; };
		6A563F081EA54B6200F35077 /* ConnectViewController.swift */ = {isa = PBXFileReference; fileEncoding = 4; lastKnownFileType = sourcecode.swift; path = ConnectViewController.swift; sourceTree = "<group>"; };
		6A66A4FC1E92D80C0030C00A /* iCar.app */ = {isa = PBXFileReference; explicitFileType = wrapper.application; includeInIndex = 0; path = iCar.app; sourceTree = BUILT_PRODUCTS_DIR; };
		6A66A4FF1E92D80C0030C00A /* AppDelegate.swift */ = {isa = PBXFileReference; lastKnownFileType = sourcecode.swift; path = AppDelegate.swift; sourceTree = "<group>"; };
		6A66A5061E92D80C0030C00A /* Assets.xcassets */ = {isa = PBXFileReference; lastKnownFileType = folder.assetcatalog; path = Assets.xcassets; sourceTree = "<group>"; };
		6A66A50B1E92D80C0030C00A /* Info.plist */ = {isa = PBXFileReference; lastKnownFileType = text.plist.xml; path = Info.plist; sourceTree = "<group>"; };
		6A66A5101E92D80C0030C00A /* iCarTests.xctest */ = {isa = PBXFileReference; explicitFileType = wrapper.cfbundle; includeInIndex = 0; path = iCarTests.xctest; sourceTree = BUILT_PRODUCTS_DIR; };
		6A66A5141E92D80C0030C00A /* iCarTests.swift */ = {isa = PBXFileReference; lastKnownFileType = sourcecode.swift; path = iCarTests.swift; sourceTree = "<group>"; };
		6A66A5161E92D80C0030C00A /* Info.plist */ = {isa = PBXFileReference; lastKnownFileType = text.plist.xml; path = Info.plist; sourceTree = "<group>"; };
		AF66071F391D18FE16DBFB95 /* Pods-iCarTests.release.xcconfig */ = {isa = PBXFileReference; includeInIndex = 1; lastKnownFileType = text.xcconfig; name = "Pods-iCarTests.release.xcconfig"; path = "Pods/Target Support Files/Pods-iCarTests/Pods-iCarTests.release.xcconfig"; sourceTree = "<group>"; };
		E42E454CA39EC81A71722402 /* Pods-iCar.debug.xcconfig */ = {isa = PBXFileReference; includeInIndex = 1; lastKnownFileType = text.xcconfig; name = "Pods-iCar.debug.xcconfig"; path = "Pods/Target Support Files/Pods-iCar/Pods-iCar.debug.xcconfig"; sourceTree = "<group>"; };
		E62BF998C1AD271A46BB6F16 /* Pods_iCar.framework */ = {isa = PBXFileReference; explicitFileType = wrapper.framework; includeInIndex = 0; path = Pods_iCar.framework; sourceTree = BUILT_PRODUCTS_DIR; };
/* End PBXFileReference section */

/* Begin PBXFrameworksBuildPhase section */
		6A66A4F91E92D80C0030C00A /* Frameworks */ = {
			isa = PBXFrameworksBuildPhase;
			buildActionMask = 2147483647;
			files = (
				339841CE3A1FFE839DAB9DE8 /* Pods_iCar.framework in Frameworks */,
			);
			runOnlyForDeploymentPostprocessing = 0;
		};
		6A66A50D1E92D80C0030C00A /* Frameworks */ = {
			isa = PBXFrameworksBuildPhase;
			buildActionMask = 2147483647;
			files = (
				831297380D223352760E2E6B /* Pods_iCarTests.framework in Frameworks */,
			);
			runOnlyForDeploymentPostprocessing = 0;
		};
/* End PBXFrameworksBuildPhase section */

/* Begin PBXGroup section */
		6A563EE11EA53C6400F35077 /* Model */ = {
			isa = PBXGroup;
			children = (
				6A563EE21EA53C6400F35077 /* Settings.swift */,
			);
			path = Model;
			sourceTree = "<group>";
		};
		6A563EE51EA53C6400F35077 /* UI */ = {
			isa = PBXGroup;
			children = (
				6A563EF41EA53C8300F35077 /* Storyboards */,
				6A563EE61EA53C6400F35077 /* Cells */,
				6A563EE91EA53C6400F35077 /* ViewControllers */,
			);
			path = UI;
			sourceTree = "<group>";
		};
		6A563EE61EA53C6400F35077 /* Cells */ = {
			isa = PBXGroup;
			children = (
				6A563EE71EA53C6400F35077 /* SpeedSettingsCell.swift */,
				6A563EE81EA53C6400F35077 /* SpeedSettingsCell.xib */,
			);
			path = Cells;
			sourceTree = "<group>";
		};
		6A563EE91EA53C6400F35077 /* ViewControllers */ = {
			isa = PBXGroup;
			children = (
				6A563EEB1EA53C6400F35077 /* NavigationController.swift */,
				6A563EFB1EA53D0B00F35077 /* BaseViewController.swift */,
				6A563F081EA54B6200F35077 /* ConnectViewController.swift */,
				6A563EEA1EA53C6400F35077 /* ControlsViewController.swift */,
				6A563EEC1EA53C6400F35077 /* SpeedSettingsViewController.swift */,
			);
			path = ViewControllers;
			sourceTree = "<group>";
		};
		6A563EF41EA53C8300F35077 /* Storyboards */ = {
			isa = PBXGroup;
			children = (
				6A563EF51EA53C8300F35077 /* LaunchScreen.storyboard */,
				6A563EF71EA53C8300F35077 /* Main.storyboard */,
			);
			path = Storyboards;
			sourceTree = "<group>";
		};
		6A563EFD1EA5433D00F35077 /* Logic */ = {
			isa = PBXGroup;
			children = (
				6A563EFE1EA5433D00F35077 /* WebSocketManager.swift */,
				6A563F041EA545CC00F35077 /* WebSocketUseCase.swift */,
				6A563F061EA547ED00F35077 /* ConnectionUseCase.swift */,
				6A563F001EA5435600F35077 /* ControlsUseCase.swift */,
				6A563F021EA5449B00F35077 /* SettingsUseCase.swift */,
			);
			path = Logic;
			sourceTree = "<group>";
		};
		6A66A4F31E92D80C0030C00A = {
			isa = PBXGroup;
			children = (
				6A66A4FE1E92D80C0030C00A /* iCar */,
				6A66A5131E92D80C0030C00A /* iCarTests */,
				6A66A4FD1E92D80C0030C00A /* Products */,
				E9D89242858F8D8CD2C23EF1 /* Pods */,
				7A82B849F79530EFE90C3C78 /* Frameworks */,
			);
			sourceTree = "<group>";
		};
		6A66A4FD1E92D80C0030C00A /* Products */ = {
			isa = PBXGroup;
			children = (
				6A66A4FC1E92D80C0030C00A /* iCar.app */,
				6A66A5101E92D80C0030C00A /* iCarTests.xctest */,
			);
			name = Products;
			sourceTree = "<group>";
		};
		6A66A4FE1E92D80C0030C00A /* iCar */ = {
			isa = PBXGroup;
			children = (
				6A66A4FF1E92D80C0030C00A /* AppDelegate.swift */,
				6A563EFD1EA5433D00F35077 /* Logic */,
				6A563EE11EA53C6400F35077 /* Model */,
				6A563EE51EA53C6400F35077 /* UI */,
				6A66A5061E92D80C0030C00A /* Assets.xcassets */,
				6A66A50B1E92D80C0030C00A /* Info.plist */,
			);
			path = iCar;
			sourceTree = "<group>";
		};
		6A66A5131E92D80C0030C00A /* iCarTests */ = {
			isa = PBXGroup;
			children = (
				6A66A5141E92D80C0030C00A /* iCarTests.swift */,
				6A66A5161E92D80C0030C00A /* Info.plist */,
			);
			path = iCarTests;
			sourceTree = "<group>";
		};
		7A82B849F79530EFE90C3C78 /* Frameworks */ = {
			isa = PBXGroup;
			children = (
				E62BF998C1AD271A46BB6F16 /* Pods_iCar.framework */,
				11693CAFD313E7998006BDF8 /* Pods_iCarTests.framework */,
			);
			name = Frameworks;
			sourceTree = "<group>";
		};
		E9D89242858F8D8CD2C23EF1 /* Pods */ = {
			isa = PBXGroup;
			children = (
				E42E454CA39EC81A71722402 /* Pods-iCar.debug.xcconfig */,
				671AA14F47EF08AD3FE19BFB /* Pods-iCar.release.xcconfig */,
				59BF4F3C672B4EDD21349AC7 /* Pods-iCarTests.debug.xcconfig */,
				AF66071F391D18FE16DBFB95 /* Pods-iCarTests.release.xcconfig */,
			);
			name = Pods;
			sourceTree = "<group>";
		};
/* End PBXGroup section */

/* Begin PBXNativeTarget section */
		6A66A4FB1E92D80C0030C00A /* iCar */ = {
			isa = PBXNativeTarget;
			buildConfigurationList = 6A66A5191E92D80C0030C00A /* Build configuration list for PBXNativeTarget "iCar" */;
			buildPhases = (
				47194C9ED62F0C1DFC4E478E /* [CP] Check Pods Manifest.lock */,
				6A66A4F81E92D80C0030C00A /* Sources */,
				6A66A4F91E92D80C0030C00A /* Frameworks */,
				6A66A4FA1E92D80C0030C00A /* Resources */,
				FA3C8C21D44A852E248FC4C2 /* [CP] Embed Pods Frameworks */,
				EEA877919D5E54D546934741 /* [CP] Copy Pods Resources */,
			);
			buildRules = (
			);
			dependencies = (
			);
			name = iCar;
			productName = iCar;
			productReference = 6A66A4FC1E92D80C0030C00A /* iCar.app */;
			productType = "com.apple.product-type.application";
		};
		6A66A50F1E92D80C0030C00A /* iCarTests */ = {
			isa = PBXNativeTarget;
			buildConfigurationList = 6A66A51C1E92D80C0030C00A /* Build configuration list for PBXNativeTarget "iCarTests" */;
			buildPhases = (
				B962AD472A3A0573F8B8FB02 /* [CP] Check Pods Manifest.lock */,
				6A66A50C1E92D80C0030C00A /* Sources */,
				6A66A50D1E92D80C0030C00A /* Frameworks */,
				6A66A50E1E92D80C0030C00A /* Resources */,
				BE44B8ADAFDBD775B88E2272 /* [CP] Embed Pods Frameworks */,
				DDE2459D65E39B06390267F4 /* [CP] Copy Pods Resources */,
			);
			buildRules = (
			);
			dependencies = (
				6A66A5121E92D80C0030C00A /* PBXTargetDependency */,
			);
			name = iCarTests;
			productName = iCarTests;
			productReference = 6A66A5101E92D80C0030C00A /* iCarTests.xctest */;
			productType = "com.apple.product-type.bundle.unit-test";
		};
/* End PBXNativeTarget section */

/* Begin PBXProject section */
		6A66A4F41E92D80C0030C00A /* Project object */ = {
			isa = PBXProject;
			attributes = {
				LastSwiftUpdateCheck = 0820;
				LastUpgradeCheck = 0820;
				ORGANIZATIONNAME = "Viktor Levshchanov";
				TargetAttributes = {
					6A66A4FB1E92D80C0030C00A = {
						CreatedOnToolsVersion = 8.2.1;
						DevelopmentTeam = 5P348E6ZXD;
						ProvisioningStyle = Automatic;
					};
					6A66A50F1E92D80C0030C00A = {
						CreatedOnToolsVersion = 8.2.1;
						DevelopmentTeam = 5P348E6ZXD;
						ProvisioningStyle = Automatic;
						TestTargetID = 6A66A4FB1E92D80C0030C00A;
					};
				};
			};
			buildConfigurationList = 6A66A4F71E92D80C0030C00A /* Build configuration list for PBXProject "iCar" */;
			compatibilityVersion = "Xcode 3.2";
			developmentRegion = English;
			hasScannedForEncodings = 0;
			knownRegions = (
				en,
				Base,
			);
			mainGroup = 6A66A4F31E92D80C0030C00A;
			productRefGroup = 6A66A4FD1E92D80C0030C00A /* Products */;
			projectDirPath = "";
			projectRoot = "";
			targets = (
				6A66A4FB1E92D80C0030C00A /* iCar */,
				6A66A50F1E92D80C0030C00A /* iCarTests */,
			);
		};
/* End PBXProject section */

/* Begin PBXResourcesBuildPhase section */
		6A66A4FA1E92D80C0030C00A /* Resources */ = {
			isa = PBXResourcesBuildPhase;
			buildActionMask = 2147483647;
			files = (
				6A66A5071E92D80C0030C00A /* Assets.xcassets in Resources */,
				6A563EF01EA53C6400F35077 /* SpeedSettingsCell.xib in Resources */,
				6A563EFA1EA53C8300F35077 /* Main.storyboard in Resources */,
				6A563EF91EA53C8300F35077 /* LaunchScreen.storyboard in Resources */,
			);
			runOnlyForDeploymentPostprocessing = 0;
		};
		6A66A50E1E92D80C0030C00A /* Resources */ = {
			isa = PBXResourcesBuildPhase;
			buildActionMask = 2147483647;
			files = (
			);
			runOnlyForDeploymentPostprocessing = 0;
		};
/* End PBXResourcesBuildPhase section */

/* Begin PBXShellScriptBuildPhase section */
		47194C9ED62F0C1DFC4E478E /* [CP] Check Pods Manifest.lock */ = {
			isa = PBXShellScriptBuildPhase;
			buildActionMask = 2147483647;
			files = (
			);
			inputPaths = (
			);
			name = "[CP] Check Pods Manifest.lock";
			outputPaths = (
			);
			runOnlyForDeploymentPostprocessing = 0;
			shellPath = /bin/sh;
			shellScript = "diff \"${PODS_ROOT}/../Podfile.lock\" \"${PODS_ROOT}/Manifest.lock\" > /dev/null\nif [ $? != 0 ] ; then\n    # print error to STDERR\n    echo \"error: The sandbox is not in sync with the Podfile.lock. Run 'pod install' or update your CocoaPods installation.\" >&2\n    exit 1\nfi\n";
			showEnvVarsInLog = 0;
		};
		B962AD472A3A0573F8B8FB02 /* [CP] Check Pods Manifest.lock */ = {
			isa = PBXShellScriptBuildPhase;
			buildActionMask = 2147483647;
			files = (
			);
			inputPaths = (
			);
			name = "[CP] Check Pods Manifest.lock";
			outputPaths = (
			);
			runOnlyForDeploymentPostprocessing = 0;
			shellPath = /bin/sh;
			shellScript = "diff \"${PODS_ROOT}/../Podfile.lock\" \"${PODS_ROOT}/Manifest.lock\" > /dev/null\nif [ $? != 0 ] ; then\n    # print error to STDERR\n    echo \"error: The sandbox is not in sync with the Podfile.lock. Run 'pod install' or update your CocoaPods installation.\" >&2\n    exit 1\nfi\n";
			showEnvVarsInLog = 0;
		};
		BE44B8ADAFDBD775B88E2272 /* [CP] Embed Pods Frameworks */ = {
			isa = PBXShellScriptBuildPhase;
			buildActionMask = 2147483647;
			files = (
			);
			inputPaths = (
			);
			name = "[CP] Embed Pods Frameworks";
			outputPaths = (
			);
			runOnlyForDeploymentPostprocessing = 0;
			shellPath = /bin/sh;
			shellScript = "\"${SRCROOT}/Pods/Target Support Files/Pods-iCarTests/Pods-iCarTests-frameworks.sh\"\n";
			showEnvVarsInLog = 0;
		};
		DDE2459D65E39B06390267F4 /* [CP] Copy Pods Resources */ = {
			isa = PBXShellScriptBuildPhase;
			buildActionMask = 2147483647;
			files = (
			);
			inputPaths = (
			);
			name = "[CP] Copy Pods Resources";
			outputPaths = (
			);
			runOnlyForDeploymentPostprocessing = 0;
			shellPath = /bin/sh;
			shellScript = "\"${SRCROOT}/Pods/Target Support Files/Pods-iCarTests/Pods-iCarTests-resources.sh\"\n";
			showEnvVarsInLog = 0;
		};
		EEA877919D5E54D546934741 /* [CP] Copy Pods Resources */ = {
			isa = PBXShellScriptBuildPhase;
			buildActionMask = 2147483647;
			files = (
			);
			inputPaths = (
			);
			name = "[CP] Copy Pods Resources";
			outputPaths = (
			);
			runOnlyForDeploymentPostprocessing = 0;
			shellPath = /bin/sh;
			shellScript = "\"${SRCROOT}/Pods/Target Support Files/Pods-iCar/Pods-iCar-resources.sh\"\n";
			showEnvVarsInLog = 0;
		};
		FA3C8C21D44A852E248FC4C2 /* [CP] Embed Pods Frameworks */ = {
			isa = PBXShellScriptBuildPhase;
			buildActionMask = 2147483647;
			files = (
			);
			inputPaths = (
			);
			name = "[CP] Embed Pods Frameworks";
			outputPaths = (
			);
			runOnlyForDeploymentPostprocessing = 0;
			shellPath = /bin/sh;
			shellScript = "\"${SRCROOT}/Pods/Target Support Files/Pods-iCar/Pods-iCar-frameworks.sh\"\n";
			showEnvVarsInLog = 0;
		};
/* End PBXShellScriptBuildPhase section */

/* Begin PBXSourcesBuildPhase section */
		6A66A4F81E92D80C0030C00A /* Sources */ = {
			isa = PBXSourcesBuildPhase;
			buildActionMask = 2147483647;
			files = (
				6A563EED1EA53C6400F35077 /* Settings.swift in Sources */,
				6A563EF21EA53C6400F35077 /* NavigationController.swift in Sources */,
				6A563EF31EA53C6400F35077 /* SpeedSettingsViewController.swift in Sources */,
				6A66A5001E92D80C0030C00A /* AppDelegate.swift in Sources */,
				6A563EEF1EA53C6400F35077 /* SpeedSettingsCell.swift in Sources */,
				6A563F051EA545CC00F35077 /* WebSocketUseCase.swift in Sources */,
				6A563F011EA5435600F35077 /* ControlsUseCase.swift in Sources */,
				6A563F071EA547ED00F35077 /* ConnectionUseCase.swift in Sources */,
				6A563F031EA5449B00F35077 /* SettingsUseCase.swift in Sources */,
				6A563EFF1EA5433D00F35077 /* WebSocketManager.swift in Sources */,
				6A563F091EA54B6200F35077 /* ConnectViewController.swift in Sources */,
				6A563EFC1EA53D0B00F35077 /* BaseViewController.swift in Sources */,
				6A563EF11EA53C6400F35077 /* ControlsViewController.swift in Sources */,
			);
			runOnlyForDeploymentPostprocessing = 0;
		};
		6A66A50C1E92D80C0030C00A /* Sources */ = {
			isa = PBXSourcesBuildPhase;
			buildActionMask = 2147483647;
			files = (
				6A66A5151E92D80C0030C00A /* iCarTests.swift in Sources */,
			);
			runOnlyForDeploymentPostprocessing = 0;
		};
/* End PBXSourcesBuildPhase section */

/* Begin PBXTargetDependency section */
		6A66A5121E92D80C0030C00A /* PBXTargetDependency */ = {
			isa = PBXTargetDependency;
			target = 6A66A4FB1E92D80C0030C00A /* iCar */;
			targetProxy = 6A66A5111E92D80C0030C00A /* PBXContainerItemProxy */;
		};
/* End PBXTargetDependency section */

/* Begin PBXVariantGroup section */
		6A563EF51EA53C8300F35077 /* LaunchScreen.storyboard */ = {
			isa = PBXVariantGroup;
			children = (
				6A563EF61EA53C8300F35077 /* Base */,
			);
			name = LaunchScreen.storyboard;
			sourceTree = "<group>";
		};
		6A563EF71EA53C8300F35077 /* Main.storyboard */ = {
			isa = PBXVariantGroup;
			children = (
				6A563EF81EA53C8300F35077 /* Base */,
			);
			name = Main.storyboard;
			sourceTree = "<group>";
		};
/* End PBXVariantGroup section */

/* Begin XCBuildConfiguration section */
		6A66A5171E92D80C0030C00A /* Debug */ = {
			isa = XCBuildConfiguration;
			buildSettings = {
				ALWAYS_SEARCH_USER_PATHS = NO;
				CLANG_ANALYZER_NONNULL = YES;
				CLANG_CXX_LANGUAGE_STANDARD = "gnu++0x";
				CLANG_CXX_LIBRARY = "libc++";
				CLANG_ENABLE_MODULES = YES;
				CLANG_ENABLE_OBJC_ARC = YES;
				CLANG_WARN_BOOL_CONVERSION = YES;
				CLANG_WARN_CONSTANT_CONVERSION = YES;
				CLANG_WARN_DIRECT_OBJC_ISA_USAGE = YES_ERROR;
				CLANG_WARN_DOCUMENTATION_COMMENTS = YES;
				CLANG_WARN_EMPTY_BODY = YES;
				CLANG_WARN_ENUM_CONVERSION = YES;
				CLANG_WARN_INFINITE_RECURSION = YES;
				CLANG_WARN_INT_CONVERSION = YES;
				CLANG_WARN_OBJC_ROOT_CLASS = YES_ERROR;
				CLANG_WARN_SUSPICIOUS_MOVE = YES;
				CLANG_WARN_UNREACHABLE_CODE = YES;
				CLANG_WARN__DUPLICATE_METHOD_MATCH = YES;
				"CODE_SIGN_IDENTITY[sdk=iphoneos*]" = "iPhone Developer";
				COPY_PHASE_STRIP = NO;
				DEBUG_INFORMATION_FORMAT = dwarf;
				ENABLE_STRICT_OBJC_MSGSEND = YES;
				ENABLE_TESTABILITY = YES;
				GCC_C_LANGUAGE_STANDARD = gnu99;
				GCC_DYNAMIC_NO_PIC = NO;
				GCC_NO_COMMON_BLOCKS = YES;
				GCC_OPTIMIZATION_LEVEL = 0;
				GCC_PREPROCESSOR_DEFINITIONS = (
					"DEBUG=1",
					"$(inherited)",
				);
				GCC_WARN_64_TO_32_BIT_CONVERSION = YES;
				GCC_WARN_ABOUT_RETURN_TYPE = YES_ERROR;
				GCC_WARN_UNDECLARED_SELECTOR = YES;
				GCC_WARN_UNINITIALIZED_AUTOS = YES_AGGRESSIVE;
				GCC_WARN_UNUSED_FUNCTION = YES;
				GCC_WARN_UNUSED_VARIABLE = YES;
				IPHONEOS_DEPLOYMENT_TARGET = 10.2;
				MTL_ENABLE_DEBUG_INFO = YES;
				ONLY_ACTIVE_ARCH = YES;
				SDKROOT = iphoneos;
				SWIFT_ACTIVE_COMPILATION_CONDITIONS = DEBUG;
				SWIFT_OPTIMIZATION_LEVEL = "-Onone";
				TARGETED_DEVICE_FAMILY = "1,2";
			};
			name = Debug;
		};
		6A66A5181E92D80C0030C00A /* Release */ = {
			isa = XCBuildConfiguration;
			buildSettings = {
				ALWAYS_SEARCH_USER_PATHS = NO;
				CLANG_ANALYZER_NONNULL = YES;
				CLANG_CXX_LANGUAGE_STANDARD = "gnu++0x";
				CLANG_CXX_LIBRARY = "libc++";
				CLANG_ENABLE_MODULES = YES;
				CLANG_ENABLE_OBJC_ARC = YES;
				CLANG_WARN_BOOL_CONVERSION = YES;
				CLANG_WARN_CONSTANT_CONVERSION = YES;
				CLANG_WARN_DIRECT_OBJC_ISA_USAGE = YES_ERROR;
				CLANG_WARN_DOCUMENTATION_COMMENTS = YES;
				CLANG_WARN_EMPTY_BODY = YES;
				CLANG_WARN_ENUM_CONVERSION = YES;
				CLANG_WARN_INFINITE_RECURSION = YES;
				CLANG_WARN_INT_CONVERSION = YES;
				CLANG_WARN_OBJC_ROOT_CLASS = YES_ERROR;
				CLANG_WARN_SUSPICIOUS_MOVE = YES;
				CLANG_WARN_UNREACHABLE_CODE = YES;
				CLANG_WARN__DUPLICATE_METHOD_MATCH = YES;
				"CODE_SIGN_IDENTITY[sdk=iphoneos*]" = "iPhone Developer";
				COPY_PHASE_STRIP = NO;
				DEBUG_INFORMATION_FORMAT = "dwarf-with-dsym";
				ENABLE_NS_ASSERTIONS = NO;
				ENABLE_STRICT_OBJC_MSGSEND = YES;
				GCC_C_LANGUAGE_STANDARD = gnu99;
				GCC_NO_COMMON_BLOCKS = YES;
				GCC_WARN_64_TO_32_BIT_CONVERSION = YES;
				GCC_WARN_ABOUT_RETURN_TYPE = YES_ERROR;
				GCC_WARN_UNDECLARED_SELECTOR = YES;
				GCC_WARN_UNINITIALIZED_AUTOS = YES_AGGRESSIVE;
				GCC_WARN_UNUSED_FUNCTION = YES;
				GCC_WARN_UNUSED_VARIABLE = YES;
				IPHONEOS_DEPLOYMENT_TARGET = 10.2;
				MTL_ENABLE_DEBUG_INFO = NO;
				SDKROOT = iphoneos;
				SWIFT_OPTIMIZATION_LEVEL = "-Owholemodule";
				TARGETED_DEVICE_FAMILY = "1,2";
				VALIDATE_PRODUCT = YES;
			};
			name = Release;
		};
		6A66A51A1E92D80C0030C00A /* Debug */ = {
			isa = XCBuildConfiguration;
			baseConfigurationReference = E42E454CA39EC81A71722402 /* Pods-iCar.debug.xcconfig */;
			buildSettings = {
				ASSETCATALOG_COMPILER_APPICON_NAME = AppIcon;
				DEVELOPMENT_TEAM = 5P348E6ZXD;
				INFOPLIST_FILE = iCar/Info.plist;
				LD_RUNPATH_SEARCH_PATHS = "$(inherited) @executable_path/Frameworks";
				PRODUCT_BUNDLE_IDENTIFIER = com.vlevshchanov.iCar;
				PRODUCT_NAME = "$(TARGET_NAME)";
				SWIFT_VERSION = 3.0;
			};
			name = Debug;
		};
		6A66A51B1E92D80C0030C00A /* Release */ = {
			isa = XCBuildConfiguration;
			baseConfigurationReference = 671AA14F47EF08AD3FE19BFB /* Pods-iCar.release.xcconfig */;
			buildSettings = {
				ASSETCATALOG_COMPILER_APPICON_NAME = AppIcon;
				DEVELOPMENT_TEAM = 5P348E6ZXD;
				INFOPLIST_FILE = iCar/Info.plist;
				LD_RUNPATH_SEARCH_PATHS = "$(inherited) @executable_path/Frameworks";
				PRODUCT_BUNDLE_IDENTIFIER = com.vlevshchanov.iCar;
				PRODUCT_NAME = "$(TARGET_NAME)";
				SWIFT_VERSION = 3.0;
			};
			name = Release;
		};
		6A66A51D1E92D80C0030C00A /* Debug */ = {
			isa = XCBuildConfiguration;
			baseConfigurationReference = 59BF4F3C672B4EDD21349AC7 /* Pods-iCarTests.debug.xcconfig */;
			buildSettings = {
				ALWAYS_EMBED_SWIFT_STANDARD_LIBRARIES = YES;
				BUNDLE_LOADER = "$(TEST_HOST)";
				DEVELOPMENT_TEAM = 5P348E6ZXD;
				INFOPLIST_FILE = iCarTests/Info.plist;
				LD_RUNPATH_SEARCH_PATHS = "$(inherited) @executable_path/Frameworks @loader_path/Frameworks";
				PRODUCT_BUNDLE_IDENTIFIER = com.vlevshchanov.iCarTests;
				PRODUCT_NAME = "$(TARGET_NAME)";
				SWIFT_VERSION = 3.0;
				TEST_HOST = "$(BUILT_PRODUCTS_DIR)/iCar.app/iCar";
			};
			name = Debug;
		};
		6A66A51E1E92D80C0030C00A /* Release */ = {
			isa = XCBuildConfiguration;
			baseConfigurationReference = AF66071F391D18FE16DBFB95 /* Pods-iCarTests.release.xcconfig */;
			buildSettings = {
				ALWAYS_EMBED_SWIFT_STANDARD_LIBRARIES = YES;
				BUNDLE_LOADER = "$(TEST_HOST)";
				DEVELOPMENT_TEAM = 5P348E6ZXD;
				INFOPLIST_FILE = iCarTests/Info.plist;
				LD_RUNPATH_SEARCH_PATHS = "$(inherited) @executable_path/Frameworks @loader_path/Frameworks";
				PRODUCT_BUNDLE_IDENTIFIER = com.vlevshchanov.iCarTests;
				PRODUCT_NAME = "$(TARGET_NAME)";
				SWIFT_VERSION = 3.0;
				TEST_HOST = "$(BUILT_PRODUCTS_DIR)/iCar.app/iCar";
			};
			name = Release;
		};
/* End XCBuildConfiguration section */

/* Begin XCConfigurationList section */
		6A66A4F71E92D80C0030C00A /* Build configuration list for PBXProject "iCar" */ = {
			isa = XCConfigurationList;
			buildConfigurations = (
				6A66A5171E92D80C0030C00A /* Debug */,
				6A66A5181E92D80C0030C00A /* Release */,
			);
			defaultConfigurationIsVisible = 0;
			defaultConfigurationName = Release;
		};
		6A66A5191E92D80C0030C00A /* Build configuration list for PBXNativeTarget "iCar" */ = {
			isa = XCConfigurationList;
			buildConfigurations = (
				6A66A51A1E92D80C0030C00A /* Debug */,
				6A66A51B1E92D80C0030C00A /* Release */,
			);
			defaultConfigurationIsVisible = 0;
			defaultConfigurationName = Release;
		};
		6A66A51C1E92D80C0030C00A /* Build configuration list for PBXNativeTarget "iCarTests" */ = {
			isa = XCConfigurationList;
			buildConfigurations = (
				6A66A51D1E92D80C0030C00A /* Debug */,
				6A66A51E1E92D80C0030C00A /* Release */,
			);
			defaultConfigurationIsVisible = 0;
			defaultConfigurationName = Release;
		};
/* End XCConfigurationList section */
	};
	rootObject = 6A66A4F41E92D80C0030C00A /* Project object */;
}
